
Microsoft Visual Studio Solution File, Format Version 12.00
# Visual Studio 15
VisualStudioVersion = 15.0.27428.2015
MinimumVisualStudioVersion = 10.0.40219.1
Project("{FAE04EC0-301F-11D3-BF4B-00C04F79EFBC}") = "gdaxApi", "gdaxApi\gdaxApi.csproj", "{8684E3F1-3A75-498D-AC03-04641E916BBE}"
EndProject
Global
	GlobalSection(SolutionConfigurationPlatforms) = preSolution
		Debug|Any CPU = Debug|Any CPU
		Release|Any CPU = Release|Any CPU
	EndGlobalSection
	GlobalSection(ProjectConfigurationPlatforms) = postSolution
		{8684E3F1-3A75-498D-AC03-04641E916BBE}.Debug|Any CPU.ActiveCfg = Debug|Any CPU
		{8684E3F1-3A75-498D-AC03-04641E916BBE}.Debug|Any CPU.Build.0 = Debug|Any CPU
		{8684E3F1-3A75-498D-AC03-04641E916BBE}.Release|Any CPU.ActiveCfg = Release|Any CPU
		{8684E3F1-3A75-498D-AC03-04641E916BBE}.Release|Any CPU.Build.0 = Release|Any CPU
	EndGlobalSection
	GlobalSection(SolutionProperties) = preSolution
		HideSolutionNode = FALSE
	EndGlobalSection
	GlobalSection(ExtensibilityGlobals) = postSolution
		SolutionGuid = {7028C150-5E82-4F43-B6C1-C03A52D0538C}
	EndGlobalSection
EndGlobal
